
Microsoft Visual Studio Solution File, Format Version 12.00
# Visual Studio Version 17
VisualStudioVersion = 17.13.35931.197
MinimumVisualStudioVersion = 10.0.40219.1
Project("{FAE04EC0-301F-11D3-BF4B-00C04F79EFBC}") = "PocketFlowSharp", "PocketFlowSharp\PocketFlowSharp.csproj", "{0EC5A8B2-E35D-4349-BDEB-63C3A6352803}"
EndProject
Project("{2150E333-8FDC-42A3-9474-1A3956D46DE8}") = "PocketFlowSharpSamples.Console", "PocketFlowSharpSamples.Console", "{02EA681E-C7D8-13C7-8484-4AC65E1B71E8}"
EndProject
Project("{FAE04EC0-301F-11D3-BF4B-00C04F79EFBC}") = "Web_Search_Agent", "PocketFlowSharpSamples.Console\Web_Search_Agent\Web_Search_Agent.csproj", "{0309A3C8-A938-4C6F-9840-73E011299A6C}"
EndProject
Project("{FAE04EC0-301F-11D3-BF4B-00C04F79EFBC}") = "Hello_World", "PocketFlowSharpSamples.Console\Hello_World\Hello_World.csproj", "{5BB76660-6CBE-43F6-90B8-B479B1EBB49C}"
EndProject
Project("{FAE04EC0-301F-11D3-BF4B-00C04F79EFBC}") = "Chat", "PocketFlowSharpSamples.Console\Chat\Chat.csproj", "{807A027B-E997-4396-93C0-991DA38DEE84}"
EndProject
Project("{FAE04EC0-301F-11D3-BF4B-00C04F79EFBC}") = "Chat_Guardrail", "PocketFlowSharpSamples.Console\Chat_Guardrail\Chat_Guardrail.csproj", "{CB434E02-03DC-4495-8287-6E13CC18B003}"
EndProject
Project("{FAE04EC0-301F-11D3-BF4B-00C04F79EFBC}") = "Summarize", "PocketFlowSharpSamples.Console\Summarize\Summarize.csproj", "{86BFDA5C-8CA9-4FF2-B836-D3F5938AC8D8}"
EndProject
Project("{FAE04EC0-301F-11D3-BF4B-00C04F79EFBC}") = "Async_Basic", "PocketFlowSharpSamples.Console\Async_Basic\Async_Basic.csproj", "{475FD070-100D-4C16-A91A-D0180C41F2F2}"
EndProject
Project("{FAE04EC0-301F-11D3-BF4B-00C04F79EFBC}") = "Human_Evaluation", "PocketFlowSharpSamples.Console\Human_Evaluation\Human_Evaluation.csproj", "{2FCB6E75-3E5D-4899-9138-F263F782CE00}"
EndProject
Project("{FAE04EC0-301F-11D3-BF4B-00C04F79EFBC}") = "LLM_Streaming", "PocketFlowSharpSamples.Console\LLM_Streaming\LLM_Streaming.csproj", "{7B4FDEAD-F73A-46F0-8C8F-717A6F204226}"
EndProject
Global
	GlobalSection(SolutionConfigurationPlatforms) = preSolution
		Debug|Any CPU = Debug|Any CPU
		Release|Any CPU = Release|Any CPU
	EndGlobalSection
	GlobalSection(ProjectConfigurationPlatforms) = postSolution
		{0EC5A8B2-E35D-4349-BDEB-63C3A6352803}.Debug|Any CPU.ActiveCfg = Debug|Any CPU
		{0EC5A8B2-E35D-4349-BDEB-63C3A6352803}.Debug|Any CPU.Build.0 = Debug|Any CPU
		{0EC5A8B2-E35D-4349-BDEB-63C3A6352803}.Release|Any CPU.ActiveCfg = Release|Any CPU
		{0EC5A8B2-E35D-4349-BDEB-63C3A6352803}.Release|Any CPU.Build.0 = Release|Any CPU
		{0309A3C8-A938-4C6F-9840-73E011299A6C}.Debug|Any CPU.ActiveCfg = Debug|Any CPU
		{0309A3C8-A938-4C6F-9840-73E011299A6C}.Debug|Any CPU.Build.0 = Debug|Any CPU
		{0309A3C8-A938-4C6F-9840-73E011299A6C}.Release|Any CPU.ActiveCfg = Release|Any CPU
		{0309A3C8-A938-4C6F-9840-73E011299A6C}.Release|Any CPU.Build.0 = Release|Any CPU
		{5BB76660-6CBE-43F6-90B8-B479B1EBB49C}.Debug|Any CPU.ActiveCfg = Debug|Any CPU
		{5BB76660-6CBE-43F6-90B8-B479B1EBB49C}.Debug|Any CPU.Build.0 = Debug|Any CPU
		{5BB76660-6CBE-43F6-90B8-B479B1EBB49C}.Release|Any CPU.ActiveCfg = Release|Any CPU
		{5BB76660-6CBE-43F6-90B8-B479B1EBB49C}.Release|Any CPU.Build.0 = Release|Any CPU
		{807A027B-E997-4396-93C0-991DA38DEE84}.Debug|Any CPU.ActiveCfg = Debug|Any CPU
		{807A027B-E997-4396-93C0-991DA38DEE84}.Debug|Any CPU.Build.0 = Debug|Any CPU
		{807A027B-E997-4396-93C0-991DA38DEE84}.Release|Any CPU.ActiveCfg = Release|Any CPU
		{807A027B-E997-4396-93C0-991DA38DEE84}.Release|Any CPU.Build.0 = Release|Any CPU
		{CB434E02-03DC-4495-8287-6E13CC18B003}.Debug|Any CPU.ActiveCfg = Debug|Any CPU
		{CB434E02-03DC-4495-8287-6E13CC18B003}.Debug|Any CPU.Build.0 = Debug|Any CPU
		{CB434E02-03DC-4495-8287-6E13CC18B003}.Release|Any CPU.ActiveCfg = Release|Any CPU
		{CB434E02-03DC-4495-8287-6E13CC18B003}.Release|Any CPU.Build.0 = Release|Any CPU
		{86BFDA5C-8CA9-4FF2-B836-D3F5938AC8D8}.Debug|Any CPU.ActiveCfg = Debug|Any CPU
		{86BFDA5C-8CA9-4FF2-B836-D3F5938AC8D8}.Debug|Any CPU.Build.0 = Debug|Any CPU
		{86BFDA5C-8CA9-4FF2-B836-D3F5938AC8D8}.Release|Any CPU.ActiveCfg = Release|Any CPU
		{86BFDA5C-8CA9-4FF2-B836-D3F5938AC8D8}.Release|Any CPU.Build.0 = Release|Any CPU
		{475FD070-100D-4C16-A91A-D0180C41F2F2}.Debug|Any CPU.ActiveCfg = Debug|Any CPU
		{475FD070-100D-4C16-A91A-D0180C41F2F2}.Debug|Any CPU.Build.0 = Debug|Any CPU
		{475FD070-100D-4C16-A91A-D0180C41F2F2}.Release|Any CPU.ActiveCfg = Release|Any CPU
		{475FD070-100D-4C16-A91A-D0180C41F2F2}.Release|Any CPU.Build.0 = Release|Any CPU
		{2FCB6E75-3E5D-4899-9138-F263F782CE00}.Debug|Any CPU.ActiveCfg = Debug|Any CPU
		{2FCB6E75-3E5D-4899-9138-F263F782CE00}.Debug|Any CPU.Build.0 = Debug|Any CPU
		{2FCB6E75-3E5D-4899-9138-F263F782CE00}.Release|Any CPU.ActiveCfg = Release|Any CPU
		{2FCB6E75-3E5D-4899-9138-F263F782CE00}.Release|Any CPU.Build.0 = Release|Any CPU
		{7B4FDEAD-F73A-46F0-8C8F-717A6F204226}.Debug|Any CPU.ActiveCfg = Debug|Any CPU
		{7B4FDEAD-F73A-46F0-8C8F-717A6F204226}.Debug|Any CPU.Build.0 = Debug|Any CPU
		{7B4FDEAD-F73A-46F0-8C8F-717A6F204226}.Release|Any CPU.ActiveCfg = Release|Any CPU
		{7B4FDEAD-F73A-46F0-8C8F-717A6F204226}.Release|Any CPU.Build.0 = Release|Any CPU
	EndGlobalSection
	GlobalSection(SolutionProperties) = preSolution
		HideSolutionNode = FALSE
	EndGlobalSection
	GlobalSection(NestedProjects) = preSolution
		{0309A3C8-A938-4C6F-9840-73E011299A6C} = {02EA681E-C7D8-13C7-8484-4AC65E1B71E8}
		{5BB76660-6CBE-43F6-90B8-B479B1EBB49C} = {02EA681E-C7D8-13C7-8484-4AC65E1B71E8}
		{807A027B-E997-4396-93C0-991DA38DEE84} = {02EA681E-C7D8-13C7-8484-4AC65E1B71E8}
		{CB434E02-03DC-4495-8287-6E13CC18B003} = {02EA681E-C7D8-13C7-8484-4AC65E1B71E8}
		{86BFDA5C-8CA9-4FF2-B836-D3F5938AC8D8} = {02EA681E-C7D8-13C7-8484-4AC65E1B71E8}
		{475FD070-100D-4C16-A91A-D0180C41F2F2} = {02EA681E-C7D8-13C7-8484-4AC65E1B71E8}
		{2FCB6E75-3E5D-4899-9138-F263F782CE00} = {02EA681E-C7D8-13C7-8484-4AC65E1B71E8}
		{7B4FDEAD-F73A-46F0-8C8F-717A6F204226} = {02EA681E-C7D8-13C7-8484-4AC65E1B71E8}
	EndGlobalSection
	GlobalSection(ExtensibilityGlobals) = postSolution
		SolutionGuid = {AD442CD0-9106-4522-A495-4A92FD91EDBA}
	EndGlobalSection
EndGlobal
