Microsoft Visual Studio Solution File, Format Version 12.00
# Visual Studio Version 17
VisualStudioVersion = 17.5.2.0
MinimumVisualStudioVersion = 10.0.40219.1
Project("{FAE04EC0-301F-11D3-BF4B-00C04F79EFBC}") = "PocketFlowSharpGallery", "PocketFlowSharpGallery.csproj", "{22C1E233-A75E-7083-1766-A82060C73BEA}"
EndProject
Global
	GlobalSection(SolutionConfigurationPlatforms) = preSolution
		Debug|Any CPU = Debug|Any CPU
		Release|Any CPU = Release|Any CPU
	EndGlobalSection
	GlobalSection(ProjectConfigurationPlatforms) = postSolution
		{22C1E233-A75E-7083-1766-A82060C73BEA}.Debug|Any CPU.ActiveCfg = Debug|Any CPU
		{22C1E233-A75E-7083-1766-A82060C73BEA}.Debug|Any CPU.Build.0 = Debug|Any CPU
		{22C1E233-A75E-7083-1766-A82060C73BEA}.Release|Any CPU.ActiveCfg = Release|Any CPU
		{22C1E233-A75E-7083-1766-A82060C73BEA}.Release|Any CPU.Build.0 = Release|Any CPU
	EndGlobalSection
	GlobalSection(SolutionProperties) = preSolution
		HideSolutionNode = FALSE
	EndGlobalSection
	GlobalSection(ExtensibilityGlobals) = postSolution
		SolutionGuid = {E379DC02-4E0F-4144-B188-2ECD7399E39F}
	EndGlobalSection
EndGlobal
